
Microsoft Visual Studio Solution File, Format Version 12.00
# Visual Studio Version 17
VisualStudioVersion = 17.1.32414.318
MinimumVisualStudioVersion = 10.0.40219.1
Project("{9A19103F-16F7-4668-BE54-9A1E7A4F7556}") = "CellularNetwork.Utility", "CellularNetwork.Utility.csproj", "{1306C731-196B-4165-9D70-E91EF6F9A319}"
EndProject
Project("{FAE04EC0-301F-11D3-BF4B-00C04F79EFBC}") = "Tester", "..\Tester\Tester.csproj", "{83BF98F8-9182-44B4-8AFF-B9D5A58621DE}"
EndProject
Global
	GlobalSection(SolutionConfigurationPlatforms) = preSolution
		Debug|Any CPU = Debug|Any CPU
		Release|Any CPU = Release|Any CPU
	EndGlobalSection
	GlobalSection(ProjectConfigurationPlatforms) = postSolution
		{1306C731-196B-4165-9D70-E91EF6F9A319}.Debug|Any CPU.ActiveCfg = Debug|Any CPU
		{1306C731-196B-4165-9D70-E91EF6F9A319}.Debug|Any CPU.Build.0 = Debug|Any CPU
		{1306C731-196B-4165-9D70-E91EF6F9A319}.Release|Any CPU.ActiveCfg = Release|Any CPU
		{1306C731-196B-4165-9D70-E91EF6F9A319}.Release|Any CPU.Build.0 = Release|Any CPU
		{83BF98F8-9182-44B4-8AFF-B9D5A58621DE}.Debug|Any CPU.ActiveCfg = Debug|Any CPU
		{83BF98F8-9182-44B4-8AFF-B9D5A58621DE}.Debug|Any CPU.Build.0 = Debug|Any CPU
		{83BF98F8-9182-44B4-8AFF-B9D5A58621DE}.Release|Any CPU.ActiveCfg = Release|Any CPU
		{83BF98F8-9182-44B4-8AFF-B9D5A58621DE}.Release|Any CPU.Build.0 = Release|Any CPU
	EndGlobalSection
	GlobalSection(SolutionProperties) = preSolution
		HideSolutionNode = FALSE
	EndGlobalSection
	GlobalSection(ExtensibilityGlobals) = postSolution
		SolutionGuid = {02F60AC7-1981-41E7-8C8D-7FE1F2814C92}
	EndGlobalSection
EndGlobal
